
Microsoft Visual Studio Solution File, Format Version 12.00
# Visual Studio Version 17
VisualStudioVersion = 17.0.31903.59
MinimumVisualStudioVersion = 10.0.40219.1
Project("{2150E333-8FDC-42A3-9474-1A3956D46DE8}") = "aspx", "aspx", "{DF14A83A-A640-4E53-AE8E-3EE732ED3915}"
EndProject
Project("{FAE04EC0-301F-11D3-BF4B-00C04F79EFBC}") = "RAWebServer", "aspx\wwwroot\RAWebServer.csproj", "{1CEA613E-89DA-4C71-A497-C72CC5F7BDC1}"
EndProject
Project("{2150E333-8FDC-42A3-9474-1A3956D46DE8}") = "dotnet", "dotnet", "{5E83153D-59C7-4E3A-B209-BA21054A27B6}"
EndProject
Project("{FAE04EC0-301F-11D3-BF4B-00C04F79EFBC}") = "RAWeb.Server.Management", "dotnet\RAWeb.Server.Management\RAWeb.Server.Management.csproj", "{8062A30D-05A7-4848-95B3-BAC6943F1AA4}"
EndProject
Project("{FAE04EC0-301F-11D3-BF4B-00C04F79EFBC}") = "RAWeb.Server.Management.ServiceHost", "dotnet\RAWeb.Server.Management.ServiceHost\RAWeb.Server.Management.ServiceHost.csproj", "{8469F62D-CF78-4A1C-9291-91DBDCE71493}"
EndProject
Project("{FAE04EC0-301F-11D3-BF4B-00C04F79EFBC}") = "RAWeb.Server.Utilities", "dotnet\RAWeb.Server.Utilities\RAWeb.Server.Utilities.csproj", "{24D9F1D7-2B90-4C78-9DD7-2D93A18E1CDC}"
EndProject
Global
	GlobalSection(SolutionConfigurationPlatforms) = preSolution
		Debug|Any CPU = Debug|Any CPU
		Release|Any CPU = Release|Any CPU
	EndGlobalSection
	GlobalSection(SolutionProperties) = preSolution
		HideSolutionNode = FALSE
	EndGlobalSection
	GlobalSection(ProjectConfigurationPlatforms) = postSolution
		{1CEA613E-89DA-4C71-A497-C72CC5F7BDC1}.Debug|Any CPU.ActiveCfg = Debug|Any CPU
		{1CEA613E-89DA-4C71-A497-C72CC5F7BDC1}.Debug|Any CPU.Build.0 = Debug|Any CPU
		{1CEA613E-89DA-4C71-A497-C72CC5F7BDC1}.Release|Any CPU.ActiveCfg = Release|Any CPU
		{1CEA613E-89DA-4C71-A497-C72CC5F7BDC1}.Release|Any CPU.Build.0 = Release|Any CPU
		{8062A30D-05A7-4848-95B3-BAC6943F1AA4}.Debug|Any CPU.ActiveCfg = Debug|Any CPU
		{8062A30D-05A7-4848-95B3-BAC6943F1AA4}.Debug|Any CPU.Build.0 = Debug|Any CPU
		{8062A30D-05A7-4848-95B3-BAC6943F1AA4}.Release|Any CPU.ActiveCfg = Release|Any CPU
		{8062A30D-05A7-4848-95B3-BAC6943F1AA4}.Release|Any CPU.Build.0 = Release|Any CPU
		{8469F62D-CF78-4A1C-9291-91DBDCE71493}.Debug|Any CPU.ActiveCfg = Debug|Any CPU
		{8469F62D-CF78-4A1C-9291-91DBDCE71493}.Debug|Any CPU.Build.0 = Debug|Any CPU
		{8469F62D-CF78-4A1C-9291-91DBDCE71493}.Release|Any CPU.ActiveCfg = Release|Any CPU
		{8469F62D-CF78-4A1C-9291-91DBDCE71493}.Release|Any CPU.Build.0 = Release|Any CPU
		{24D9F1D7-2B90-4C78-9DD7-2D93A18E1CDC}.Debug|Any CPU.ActiveCfg = Debug|Any CPU
		{24D9F1D7-2B90-4C78-9DD7-2D93A18E1CDC}.Debug|Any CPU.Build.0 = Debug|Any CPU
		{24D9F1D7-2B90-4C78-9DD7-2D93A18E1CDC}.Release|Any CPU.ActiveCfg = Release|Any CPU
		{24D9F1D7-2B90-4C78-9DD7-2D93A18E1CDC}.Release|Any CPU.Build.0 = Release|Any CPU
	EndGlobalSection
	GlobalSection(NestedProjects) = preSolution
		{1CEA613E-89DA-4C71-A497-C72CC5F7BDC1} = {DF14A83A-A640-4E53-AE8E-3EE732ED3915}
		{8062A30D-05A7-4848-95B3-BAC6943F1AA4} = {5E83153D-59C7-4E3A-B209-BA21054A27B6}
		{8469F62D-CF78-4A1C-9291-91DBDCE71493} = {5E83153D-59C7-4E3A-B209-BA21054A27B6}
		{24D9F1D7-2B90-4C78-9DD7-2D93A18E1CDC} = {5E83153D-59C7-4E3A-B209-BA21054A27B6}
	EndGlobalSection
EndGlobal
