<Solution>
  <Folder Name="/dotnet/">
    <Project Path="dotnet/RAWeb.Server.Management.ServiceHost/RAWeb.Server.Management.ServiceHost.csproj" />
    <Project Path="dotnet/RAWeb.Server.Management/RAWeb.Server.Management.csproj" />
    <Project Path="dotnet/RAWeb.Server.Utilities/RAWeb.Server.Utilities.csproj" />
    <Project Path="dotnet/RAWeb.Server.Utilities.Tests/RAWeb.Server.Utilities.Tests.csproj" />
    <Project Path="dotnet/RAWeb.Server/RAWeb.Server.csproj" />
  </Folder>
</Solution>
