Microsoft Visual Studio Solution File, Format Version 12.00
# Visual Studio Version 17
VisualStudioVersion = 17.5.2.0
MinimumVisualStudioVersion = 10.0.40219.1
Project("{FAE04EC0-301F-11D3-BF4B-00C04F79EFBC}") = "RAWebServer", "RAWebServer.csproj", "{AE579736-62CF-4A94-3769-5C1CCE183C38}"
EndProject
Global
	GlobalSection(SolutionConfigurationPlatforms) = preSolution
		Debug|Any CPU = Debug|Any CPU
		Release|Any CPU = Release|Any CPU
	EndGlobalSection
	GlobalSection(ProjectConfigurationPlatforms) = postSolution
		{AE579736-62CF-4A94-3769-5C1CCE183C38}.Debug|Any CPU.ActiveCfg = Debug|Any CPU
		{AE579736-62CF-4A94-3769-5C1CCE183C38}.Debug|Any CPU.Build.0 = Debug|Any CPU
		{AE579736-62CF-4A94-3769-5C1CCE183C38}.Release|Any CPU.ActiveCfg = Release|Any CPU
		{AE579736-62CF-4A94-3769-5C1CCE183C38}.Release|Any CPU.Build.0 = Release|Any CPU
	EndGlobalSection
	GlobalSection(SolutionProperties) = preSolution
		HideSolutionNode = FALSE
	EndGlobalSection
	GlobalSection(ExtensibilityGlobals) = postSolution
		SolutionGuid = {A3FD2BBB-AB63-4C60-973C-052E14FBC175}
	EndGlobalSection
EndGlobal
