{
  "version": 1,
  "dependencies": {
    "net10.0-windows7.0": {
      "Microsoft.AspNetCore.Http": {
        "type": "Direct",
        "requested": "[2.3.12, )",
        "resolved": "2.3.12",
        "contentHash": "unx5UyJrHAsIu/NZLGXdnwbdqLnAdN//YjdBTeOO08KM7for4pOULwSeSkisxSaLdIn8m9Y3HJWGLEM+Ys5NgA==",
        "dependencies": {
          "Microsoft.AspNetCore.Http.Abstractions": "2.3.11",
          "Microsoft.AspNetCore.WebUtilities": "2.3.11",
          "Microsoft.Extensions.ObjectPool": "8.0.11",
          "Microsoft.Extensions.Options": "8.0.2",
          "Microsoft.Net.Http.Headers": "2.3.11"
        }
      },
      "Microsoft.Data.Sqlite.Core": {
        "type": "Direct",
        "requested": "[10.0.11, )",
        "resolved": "10.0.11",
        "contentHash": "hubA20AGenQ4Sx0ElWaPpB8DISjXpdx463+1zOGRslsT0e/t/06ITv+pHsop8CcJ0d8PZLfgnT7juCDVD79Dkw==",
        "dependencies": {
          "SQLitePCLRaw.core": "2.1.12"
        }
      },
      "SQLitePCLRaw.bundle_winsqlite3": {
        "type": "Direct",
        "requested": "[2.1.11, )",
        "resolved": "2.1.11",
        "contentHash": "kQ3Jo6XqPYYyjlgVh8KVGAFUfYsnyrrC8WvCYO33Coz0S2y1y1B8et8HCRmy7nt8rN+IA9XoaQz7QjI1PvXSAw==",
        "dependencies": {
          "SQLitePCLRaw.provider.winsqlite3": "2.1.11"
        }
      },
      "System.DirectoryServices.Protocols": {
        "type": "Direct",
        "requested": "[10.0.11, )",
        "resolved": "10.0.11",
        "contentHash": "Q4DEPB0wfAMAM6zjCjioFQoDZGC6uCeAZMU30sdjMgVtKbSuSBjhASVlxVOTYmQKCdUqZInnDwZ3W/ZTWB4m3Q=="
      },
      "System.Drawing.Common": {
        "type": "Direct",
        "requested": "[10.0.11, )",
        "resolved": "10.0.11",
        "contentHash": "Schxw0FzXMAwa+If/oVxqjrmmiyUbw9KUAeqJOPnjsdAzkmUZXSZWNRLHZye2boFYlbMRkeBY6dba5hs8Mu4OQ==",
        "dependencies": {
          "Microsoft.Win32.SystemEvents": "10.0.11"
        }
      },
      "AF.Securify.ShellLink": {
        "type": "Transitive",
        "resolved": "1.1.0",
        "contentHash": "R+0HK6BUMw1B7JC3nDACfmZ+vAjJ75dUF3hGHSJK3ugNyY3QP/HvyMigtXnFW5V1mSg7mKlkUJjQ12pzAIV6rw==",
        "dependencies": {
          "YF.Securify.PropertyStore": "1.1.0"
        }
      },
      "Microsoft.AspNetCore.Http.Abstractions": {
        "type": "Transitive",
        "resolved": "2.3.11",
        "contentHash": "sNpm9t4l5Axt5qMzfD9pYVm7dWHys12TtIbtQ2VVMfKN8eCJiqtZX8ZhC1mhttWOfCuNOMtd+Hh+HoA7VLyoqw==",
        "dependencies": {
          "Microsoft.AspNetCore.Http.Features": "2.3.10"
        }
      },
      "Microsoft.AspNetCore.Http.Features": {
        "type": "Transitive",
        "resolved": "2.3.10",
        "contentHash": "AktSafL1PkmbIoG0nx7van7bcvEvxnS4WBrIDaKvNr3uBxEj3epgT3DLbxIT1IjZKrubaV1xasXASdyaKSJlMA==",
        "dependencies": {
          "Microsoft.Extensions.Primitives": "8.0.0"
        }
      },
      "Microsoft.AspNetCore.WebUtilities": {
        "type": "Transitive",
        "resolved": "2.3.11",
        "contentHash": "bHEBMxxyfMjHgXYOUv51fpOn173axzmYw51rW6AyQhnbhZr7wIwHVkidPgKmGweDH1/sp5esnkcxhP+EI/pZkw==",
        "dependencies": {
          "Microsoft.Net.Http.Headers": "2.3.10"
        }
      },
      "Microsoft.Extensions.DependencyInjection.Abstractions": {
        "type": "Transitive",
        "resolved": "8.0.0",
        "contentHash": "cjWrLkJXK0rs4zofsK4bSdg+jhDLTaxrkXu4gS6Y7MAlCvRyNNgwY/lJi5RDlQOnSZweHqoyvgvbdvQsRIW+hg=="
      },
      "Microsoft.Extensions.ObjectPool": {
        "type": "Transitive",
        "resolved": "8.0.11",
        "contentHash": "6ApKcHNJigXBfZa6XlDQ8feJpq7SG1ogZXg6M4FiNzgd6irs3LUAzo0Pfn4F2ZI9liGnH1XIBR/OtSbZmJAV5w=="
      },
      "Microsoft.Extensions.Options": {
        "type": "Transitive",
        "resolved": "8.0.2",
        "contentHash": "dWGKvhFybsaZpGmzkGCbNNwBD1rVlWzrZKANLW/CcbFJpCEceMCGzT7zZwHOGBCbwM0SzBuceMj5HN1LKV1QqA==",
        "dependencies": {
          "Microsoft.Extensions.DependencyInjection.Abstractions": "8.0.0",
          "Microsoft.Extensions.Primitives": "8.0.0"
        }
      },
      "Microsoft.Extensions.Primitives": {
        "type": "Transitive",
        "resolved": "8.0.0",
        "contentHash": "bXJEZrW9ny8vjMF1JV253WeLhpEVzFo1lyaZu1vQ4ZxWUlVvknZ/+ftFgVheLubb4eZPSwwxBeqS1JkCOjxd8g=="
      },
      "Microsoft.Net.Http.Headers": {
        "type": "Transitive",
        "resolved": "2.3.11",
        "contentHash": "rs0fiTFlQEYqylnwdleaNeBYzfG1nfoDMZdLTsALU5hT0cmPrDgmR+lsmPsI0jqJAVEqqd/EgJr7i6MM4H4ExA==",
        "dependencies": {
          "Microsoft.Extensions.Primitives": "8.0.0"
        }
      },
      "Microsoft.Win32.SystemEvents": {
        "type": "Transitive",
        "resolved": "10.0.11",
        "contentHash": "WXGazuzGf3eX24z1qgiGwP2df3t2T28QeZvMjlRqdjNuewQyLfbOb6rEXmk6Xs++gOQClmw90pkjPd9j/hNWDw=="
      },
      "SQLitePCLRaw.core": {
        "type": "Transitive",
        "resolved": "2.1.12",
        "contentHash": "ETpNw9DY3ckWLgRRAeCHj+GKOuPi61aeczkXhgHexUvqoZBAYg8RYESE2J7O1M7+o6QbdSEZwrw9bfqztUVWXg=="
      },
      "SQLitePCLRaw.provider.winsqlite3": {
        "type": "Transitive",
        "resolved": "2.1.11",
        "contentHash": "UpH9v68yuLAN3nvXB96s6GE3/tQhG1WnXenNJL/HulgfJAQ5S6ZT6BUy/sDFo5WpqaS0npBbW1z6szWlu6a4Xg==",
        "dependencies": {
          "SQLitePCLRaw.core": "2.1.11"
        }
      },
      "YF.Securify.PropertyStore": {
        "type": "Transitive",
        "resolved": "1.1.0",
        "contentHash": "5VX7FOrmA+D854NUvTOyAnwsvB4Y+Of8E/I7/9NJrtyl6ZtGv9vJODSznaRHRMJnn5gpucUs24/Xcd/8EVoaeA=="
      },
      "raweb.server.management": {
        "type": "Project",
        "dependencies": {
          "AF.Securify.ShellLink": "[1.1.0, )",
          "System.DirectoryServices.Protocols": "[10.0.11, )",
          "System.Drawing.Common": "[10.0.11, )"
        }
      }
    }
  }
}