{
  "version": 1,
  "dependencies": {
    "net10.0-windows7.0": {
      "Microsoft.AspNetCore.Http": {
        "type": "Direct",
        "requested": "[2.3.0, )",
        "resolved": "2.3.0",
        "contentHash": "I9azEG2tZ4DDHAFgv+N38e6Yhttvf+QjE2j2UYyCACE7Swm5/0uoihCMWZ87oOZYeqiEFSxbsfpT71OYHe2tpw==",
        "dependencies": {
          "Microsoft.AspNetCore.Http.Abstractions": "2.3.0",
          "Microsoft.AspNetCore.WebUtilities": "2.3.0",
          "Microsoft.Extensions.ObjectPool": "8.0.11",
          "Microsoft.Extensions.Options": "8.0.2",
          "Microsoft.Net.Http.Headers": "2.3.0"
        }
      },
      "Microsoft.Data.Sqlite.Core": {
        "type": "Direct",
        "requested": "[10.0.8, )",
        "resolved": "10.0.8",
        "contentHash": "26t7WDiEjjAls/sFpWvVEFDxt+7Q5VPt6+blU2Lafuj9L8PzAv/GtGV4cqVPtrhWbfD2BX/z2v8hD1qXYtK6Aw==",
        "dependencies": {
          "SQLitePCLRaw.core": "2.1.11"
        }
      },
      "SQLitePCLRaw.bundle_winsqlite3": {
        "type": "Direct",
        "requested": "[2.1.11, )",
        "resolved": "2.1.11",
        "contentHash": "kQ3Jo6XqPYYyjlgVh8KVGAFUfYsnyrrC8WvCYO33Coz0S2y1y1B8et8HCRmy7nt8rN+IA9XoaQz7QjI1PvXSAw==",
        "dependencies": {
          "SQLitePCLRaw.provider.winsqlite3": "2.1.11"
        }
      },
      "System.DirectoryServices.Protocols": {
        "type": "Direct",
        "requested": "[9.0.10, )",
        "resolved": "9.0.10",
        "contentHash": "nyJa6GTsPxNYt08Ssl9xHXLyDGozVkmsWgmAegUw9+4TBvS8BO1oV69XlkbyF+oJ6qR4+VPy7lgDWUMapvQfUg=="
      },
      "System.Drawing.Common": {
        "type": "Direct",
        "requested": "[9.0.10, )",
        "resolved": "9.0.10",
        "contentHash": "FDakPhIcxHnhslLiz4ZQ+ALpHRpCU3zOep9Mcq+4hL23XwQrzmgJNYvf1tH4kJ/V36wO/ZhRr8nOfiz26P3wKg==",
        "dependencies": {
          "Microsoft.Win32.SystemEvents": "9.0.10"
        }
      },
      "AF.Securify.ShellLink": {
        "type": "Transitive",
        "resolved": "1.1.0",
        "contentHash": "R+0HK6BUMw1B7JC3nDACfmZ+vAjJ75dUF3hGHSJK3ugNyY3QP/HvyMigtXnFW5V1mSg7mKlkUJjQ12pzAIV6rw==",
        "dependencies": {
          "YF.Securify.PropertyStore": "1.1.0"
        }
      },
      "Microsoft.AspNetCore.Http.Abstractions": {
        "type": "Transitive",
        "resolved": "2.3.0",
        "contentHash": "39r9PPrjA6s0blyFv5qarckjNkaHRA5B+3b53ybuGGNTXEj1/DStQJ4NWjFL6QTRQpL9zt7nDyKxZdJOlcnq+Q==",
        "dependencies": {
          "Microsoft.AspNetCore.Http.Features": "2.3.0"
        }
      },
      "Microsoft.AspNetCore.Http.Features": {
        "type": "Transitive",
        "resolved": "2.3.0",
        "contentHash": "f10WUgcsKqrkmnz6gt8HeZ7kyKjYN30PO7cSic1lPtH7paPtnQqXPOveul/SIPI43PhRD4trttg4ywnrEmmJpA==",
        "dependencies": {
          "Microsoft.Extensions.Primitives": "8.0.0"
        }
      },
      "Microsoft.AspNetCore.WebUtilities": {
        "type": "Transitive",
        "resolved": "2.3.0",
        "contentHash": "trbXdWzoAEUVd0PE2yTopkz4kjZaAIA7xUWekd5uBw+7xE8Do/YOVTeb9d9koPTlbtZT539aESJjSLSqD8eYrQ==",
        "dependencies": {
          "Microsoft.Net.Http.Headers": "2.3.0"
        }
      },
      "Microsoft.Extensions.DependencyInjection.Abstractions": {
        "type": "Transitive",
        "resolved": "8.0.0",
        "contentHash": "cjWrLkJXK0rs4zofsK4bSdg+jhDLTaxrkXu4gS6Y7MAlCvRyNNgwY/lJi5RDlQOnSZweHqoyvgvbdvQsRIW+hg=="
      },
      "Microsoft.Extensions.ObjectPool": {
        "type": "Transitive",
        "resolved": "8.0.11",
        "contentHash": "6ApKcHNJigXBfZa6XlDQ8feJpq7SG1ogZXg6M4FiNzgd6irs3LUAzo0Pfn4F2ZI9liGnH1XIBR/OtSbZmJAV5w=="
      },
      "Microsoft.Extensions.Options": {
        "type": "Transitive",
        "resolved": "8.0.2",
        "contentHash": "dWGKvhFybsaZpGmzkGCbNNwBD1rVlWzrZKANLW/CcbFJpCEceMCGzT7zZwHOGBCbwM0SzBuceMj5HN1LKV1QqA==",
        "dependencies": {
          "Microsoft.Extensions.DependencyInjection.Abstractions": "8.0.0",
          "Microsoft.Extensions.Primitives": "8.0.0"
        }
      },
      "Microsoft.Extensions.Primitives": {
        "type": "Transitive",
        "resolved": "8.0.0",
        "contentHash": "bXJEZrW9ny8vjMF1JV253WeLhpEVzFo1lyaZu1vQ4ZxWUlVvknZ/+ftFgVheLubb4eZPSwwxBeqS1JkCOjxd8g=="
      },
      "Microsoft.Net.Http.Headers": {
        "type": "Transitive",
        "resolved": "2.3.0",
        "contentHash": "/M0wVg6tJUOHutWD3BMOUVZAioJVXe0tCpFiovzv0T9T12TBf4MnaHP0efO8TCr1a6O9RZgQeZ9Gdark8L9XdA==",
        "dependencies": {
          "Microsoft.Extensions.Primitives": "8.0.0"
        }
      },
      "Microsoft.Win32.SystemEvents": {
        "type": "Transitive",
        "resolved": "9.0.10",
        "contentHash": "P1CEtsxar/RhfoH3r1vc9ra28LLVYphpcFBxyRIEMM/jP3qh4j9TU4sWH2RUhMZX+GbFxZ+zz1oSP2n9MwjshA=="
      },
      "SQLitePCLRaw.core": {
        "type": "Transitive",
        "resolved": "2.1.11",
        "contentHash": "PK0GLFkfhZzLQeR3PJf71FmhtHox+U3vcY6ZtswoMjrefkB9k6ErNJEnwXqc5KgXDSjige2XXrezqS39gkpQKA=="
      },
      "SQLitePCLRaw.provider.winsqlite3": {
        "type": "Transitive",
        "resolved": "2.1.11",
        "contentHash": "UpH9v68yuLAN3nvXB96s6GE3/tQhG1WnXenNJL/HulgfJAQ5S6ZT6BUy/sDFo5WpqaS0npBbW1z6szWlu6a4Xg==",
        "dependencies": {
          "SQLitePCLRaw.core": "2.1.11"
        }
      },
      "YF.Securify.PropertyStore": {
        "type": "Transitive",
        "resolved": "1.1.0",
        "contentHash": "5VX7FOrmA+D854NUvTOyAnwsvB4Y+Of8E/I7/9NJrtyl6ZtGv9vJODSznaRHRMJnn5gpucUs24/Xcd/8EVoaeA=="
      },
      "raweb.server.management": {
        "type": "Project",
        "dependencies": {
          "AF.Securify.ShellLink": "[1.1.0, )",
          "System.DirectoryServices.Protocols": "[9.0.10, )",
          "System.Drawing.Common": "[9.0.10, )"
        }
      }
    }
  }
}