{
  "version": 1,
  "dependencies": {
    "net10.0-windows7.0": {
      "AF.Securify.ShellLink": {
        "type": "Direct",
        "requested": "[1.1.0, )",
        "resolved": "1.1.0",
        "contentHash": "R+0HK6BUMw1B7JC3nDACfmZ+vAjJ75dUF3hGHSJK3ugNyY3QP/HvyMigtXnFW5V1mSg7mKlkUJjQ12pzAIV6rw==",
        "dependencies": {
          "YF.Securify.PropertyStore": "1.1.0"
        }
      },
      "System.DirectoryServices.Protocols": {
        "type": "Direct",
        "requested": "[10.0.11, )",
        "resolved": "10.0.11",
        "contentHash": "Q4DEPB0wfAMAM6zjCjioFQoDZGC6uCeAZMU30sdjMgVtKbSuSBjhASVlxVOTYmQKCdUqZInnDwZ3W/ZTWB4m3Q=="
      },
      "System.Drawing.Common": {
        "type": "Direct",
        "requested": "[10.0.11, )",
        "resolved": "10.0.11",
        "contentHash": "Schxw0FzXMAwa+If/oVxqjrmmiyUbw9KUAeqJOPnjsdAzkmUZXSZWNRLHZye2boFYlbMRkeBY6dba5hs8Mu4OQ==",
        "dependencies": {
          "Microsoft.Win32.SystemEvents": "10.0.11"
        }
      },
      "Microsoft.Win32.SystemEvents": {
        "type": "Transitive",
        "resolved": "10.0.11",
        "contentHash": "WXGazuzGf3eX24z1qgiGwP2df3t2T28QeZvMjlRqdjNuewQyLfbOb6rEXmk6Xs++gOQClmw90pkjPd9j/hNWDw=="
      },
      "YF.Securify.PropertyStore": {
        "type": "Transitive",
        "resolved": "1.1.0",
        "contentHash": "5VX7FOrmA+D854NUvTOyAnwsvB4Y+Of8E/I7/9NJrtyl6ZtGv9vJODSznaRHRMJnn5gpucUs24/Xcd/8EVoaeA=="
      }
    }
  }
}