{
  "version": 1,
  "dependencies": {
    "net10.0-windows7.0": {
      "Microsoft.DotNet.ILCompiler": {
        "type": "Direct",
        "requested": "[10.0.11, )",
        "resolved": "10.0.11",
        "contentHash": "yloFUsIQOzspIsn2cDHrbgikKaWHAZspzj0EWxnWJJpFC89IBW64OXgCECsrrnzGWQvy1iLX9r5/R4zBf7Am3g=="
      },
      "Microsoft.NET.ILLink.Tasks": {
        "type": "Direct",
        "requested": "[10.0.11, )",
        "resolved": "10.0.11",
        "contentHash": "IBf7lbovvjGWVWXZX5cJ/cO0WXbId0Zq4BuSeT94mGZuOAP66oMeH9PTBZ9Jpp3Jb6jtK0qm/NyUbPRo1gC/wQ=="
      },
      "System.ServiceProcess.ServiceController": {
        "type": "Direct",
        "requested": "[10.0.11, )",
        "resolved": "10.0.11",
        "contentHash": "khROyIQ3GAZy5MbCabfmlbvxf9nuvdveFP2XbRCteZ9Lq8OFEvImmrjV6acl1LegRu/9T6VMxi9Lr+KZu29VHg==",
        "dependencies": {
          "System.Diagnostics.EventLog": "10.0.11"
        }
      },
      "AF.Securify.ShellLink": {
        "type": "Transitive",
        "resolved": "1.1.0",
        "contentHash": "R+0HK6BUMw1B7JC3nDACfmZ+vAjJ75dUF3hGHSJK3ugNyY3QP/HvyMigtXnFW5V1mSg7mKlkUJjQ12pzAIV6rw==",
        "dependencies": {
          "YF.Securify.PropertyStore": "1.1.0"
        }
      },
      "Microsoft.Win32.SystemEvents": {
        "type": "Transitive",
        "resolved": "10.0.11",
        "contentHash": "WXGazuzGf3eX24z1qgiGwP2df3t2T28QeZvMjlRqdjNuewQyLfbOb6rEXmk6Xs++gOQClmw90pkjPd9j/hNWDw=="
      },
      "System.Diagnostics.EventLog": {
        "type": "Transitive",
        "resolved": "10.0.11",
        "contentHash": "QTXEoQBzz00SFWbo7nAg1Ogd4f99lwqcO9uAJ7MYSLEUR28f6As32QktrqG2Fr9cfAfd1GjLyGYspE7Ipj7P6w=="
      },
      "System.DirectoryServices.Protocols": {
        "type": "Transitive",
        "resolved": "10.0.11",
        "contentHash": "Q4DEPB0wfAMAM6zjCjioFQoDZGC6uCeAZMU30sdjMgVtKbSuSBjhASVlxVOTYmQKCdUqZInnDwZ3W/ZTWB4m3Q=="
      },
      "System.Drawing.Common": {
        "type": "Transitive",
        "resolved": "10.0.11",
        "contentHash": "Schxw0FzXMAwa+If/oVxqjrmmiyUbw9KUAeqJOPnjsdAzkmUZXSZWNRLHZye2boFYlbMRkeBY6dba5hs8Mu4OQ==",
        "dependencies": {
          "Microsoft.Win32.SystemEvents": "10.0.11"
        }
      },
      "YF.Securify.PropertyStore": {
        "type": "Transitive",
        "resolved": "1.1.0",
        "contentHash": "5VX7FOrmA+D854NUvTOyAnwsvB4Y+Of8E/I7/9NJrtyl6ZtGv9vJODSznaRHRMJnn5gpucUs24/Xcd/8EVoaeA=="
      },
      "raweb.server.management": {
        "type": "Project",
        "dependencies": {
          "AF.Securify.ShellLink": "[1.1.0, )",
          "System.DirectoryServices.Protocols": "[10.0.11, )",
          "System.Drawing.Common": "[10.0.11, )"
        }
      }
    },
    "net10.0-windows7.0/win-x64": {
      "Microsoft.DotNet.ILCompiler": {
        "type": "Direct",
        "requested": "[10.0.11, )",
        "resolved": "10.0.11",
        "contentHash": "yloFUsIQOzspIsn2cDHrbgikKaWHAZspzj0EWxnWJJpFC89IBW64OXgCECsrrnzGWQvy1iLX9r5/R4zBf7Am3g==",
        "dependencies": {
          "runtime.win-x64.Microsoft.DotNet.ILCompiler": "10.0.11"
        }
      },
      "System.ServiceProcess.ServiceController": {
        "type": "Direct",
        "requested": "[10.0.11, )",
        "resolved": "10.0.11",
        "contentHash": "khROyIQ3GAZy5MbCabfmlbvxf9nuvdveFP2XbRCteZ9Lq8OFEvImmrjV6acl1LegRu/9T6VMxi9Lr+KZu29VHg==",
        "dependencies": {
          "System.Diagnostics.EventLog": "10.0.11"
        }
      },
      "Microsoft.Win32.SystemEvents": {
        "type": "Transitive",
        "resolved": "10.0.11",
        "contentHash": "WXGazuzGf3eX24z1qgiGwP2df3t2T28QeZvMjlRqdjNuewQyLfbOb6rEXmk6Xs++gOQClmw90pkjPd9j/hNWDw=="
      },
      "runtime.win-x64.Microsoft.DotNet.ILCompiler": {
        "type": "Transitive",
        "resolved": "10.0.11",
        "contentHash": "D6ZKMo3NeTnos7l5S8bMmiPm4LK+y15Q/uduyPw7FX+xKbeWVWdwlcZGkLLPjLvW4ZO6o3ACanq5HsSXJgrt0g=="
      },
      "System.Diagnostics.EventLog": {
        "type": "Transitive",
        "resolved": "10.0.11",
        "contentHash": "QTXEoQBzz00SFWbo7nAg1Ogd4f99lwqcO9uAJ7MYSLEUR28f6As32QktrqG2Fr9cfAfd1GjLyGYspE7Ipj7P6w=="
      },
      "System.DirectoryServices.Protocols": {
        "type": "Transitive",
        "resolved": "10.0.11",
        "contentHash": "Q4DEPB0wfAMAM6zjCjioFQoDZGC6uCeAZMU30sdjMgVtKbSuSBjhASVlxVOTYmQKCdUqZInnDwZ3W/ZTWB4m3Q=="
      }
    }
  }
}