{
  "version": 1,
  "dependencies": {
    ".NETFramework,Version=v4.6.2": {
      "PolySharp": {
        "type": "Direct",
        "requested": "[1.15.0, )",
        "resolved": "1.15.0",
        "contentHash": "FbU0El+EEjdpuIX4iDbeS7ki1uzpJPx8vbqOzEtqnl1GZeAGJfq+jCbxeJL2y0EPnUNk8dRnnqR2xnYXg9Tf+g=="
      },
      "System.ValueTuple": {
        "type": "Transitive",
        "resolved": "4.6.1",
        "contentHash": "+RJT4qaekpZ7DDLhf+LTjq+E48jieKiY9ulJ+BoxKmZblIJfIJT8Ufcaa/clQqnYvWs8jugfGSMu8ylS0caG0w=="
      },
      "raweb.server.management": {
        "type": "Project",
        "dependencies": {
          "System.ValueTuple": "[4.6.1, )"
        }
      }
    },
    ".NETFramework,Version=v4.6.2/win-x64": {}
  }
}