{
  "version": 1,
  "dependencies": {
    ".NETFramework,Version=v4.6.2": {
      "Newtonsoft.Json": {
        "type": "Transitive",
        "resolved": "13.0.4",
        "contentHash": "pdgNNMai3zv51W5aq268sujXUyx7SNdE2bj1wZcWjAQrKMFZV260lbqYop1d2GM67JI1huLRwxo9ZqnfF/lC6A=="
      },
      "System.ValueTuple": {
        "type": "Transitive",
        "resolved": "4.6.1",
        "contentHash": "+RJT4qaekpZ7DDLhf+LTjq+E48jieKiY9ulJ+BoxKmZblIJfIJT8Ufcaa/clQqnYvWs8jugfGSMu8ylS0caG0w=="
      },
      "raweb.server.management": {
        "type": "Project",
        "dependencies": {
          "Newtonsoft.Json": "[13.0.4, )",
          "System.ValueTuple": "[4.6.1, )"
        }
      },
      "raweb.server.management.servicehost": {
        "type": "Project",
        "dependencies": {
          "RAWeb.Server.Management": "[1.0.0, )"
        }
      },
      "raweb.server.utilities": {
        "type": "Project",
        "dependencies": {
          "RAWeb.Server.Management": "[1.0.0, )"
        }
      }
    }
  }
}