{
  "version": 1,
  "dependencies": {
    "net10.0-windows10.0.22621": {
      "Microsoft.AspNetCore.TestHost": {
        "type": "Direct",
        "requested": "[10.0.8, )",
        "resolved": "10.0.8",
        "contentHash": "HRH/XAke90wkHv9ykCsrvpVqvKOUt53jQzvHHIXrPIPZWAjyPq6B5/InCmPYWvme+WKMXD10rplMAitzNMtC3w=="
      },
      "Microsoft.DotNet.ILCompiler": {
        "type": "Direct",
        "requested": "[10.0.10, )",
        "resolved": "10.0.10",
        "contentHash": "tnG8ntt/Bk6odvHREnGLMo3PEiihy5iSlIFVp0JbIo00GKtNRt2k73eKZbPqR5yaJNIa3z8R86YLwbxfqpb17g=="
      },
      "Microsoft.NET.ILLink.Tasks": {
        "type": "Direct",
        "requested": "[10.0.10, )",
        "resolved": "10.0.10",
        "contentHash": "f5VCIE7AJpd5YvzNTeMGVzQIgyE9tX+AreTYwQF+REbu+DZo/2Ae+jNSwhPEYrVz6RRkd7y8ubXjk6Nn6Ka+Cg=="
      },
      "Microsoft.UI.Reactor": {
        "type": "Direct",
        "requested": "[0.0.0-local82eae160cbf72c0109b39dba489b983fd71d4b31, )",
        "resolved": "0.0.0-local82eae160cbf72c0109b39dba489b983fd71d4b31",
        "contentHash": "RZNZuoqVLaNVfmmusNa61YLJ6FKwoyrdrsq6lEOAHalJx/rdrMMfGjyq2Ul2Nrg4VhW7fnF7UCyo7XzDT4sDtQ==",
        "dependencies": {
          "MessageFormat": "8.0.0",
          "Microsoft.WindowsAppSDK": "2.0.1",
          "System.Drawing.Common": "9.0.4"
        }
      },
      "Microsoft.WindowsAppSDK": {
        "type": "Direct",
        "requested": "[2.1.3, )",
        "resolved": "2.1.3",
        "contentHash": "46KCntcmWPS0nbV3a8iEMslpYy0W9wTsmkANrXFxDWuiAnm8jXytFNvwNVN5HfoA3d+Cxb3pO+JE2UNnB5wn7w==",
        "dependencies": {
          "Microsoft.WindowsAppSDK.AI": "2.1.10",
          "Microsoft.WindowsAppSDK.Base": "2.0.4",
          "Microsoft.WindowsAppSDK.DWrite": "2.1.0",
          "Microsoft.WindowsAppSDK.Foundation": "2.0.21",
          "Microsoft.WindowsAppSDK.InteractiveExperiences": "2.0.13",
          "Microsoft.WindowsAppSDK.ML": "2.1.1",
          "Microsoft.WindowsAppSDK.Runtime": "[2.1.3]",
          "Microsoft.WindowsAppSDK.Widgets": "2.0.5",
          "Microsoft.WindowsAppSDK.WinUI": "2.1.0"
        }
      },
      "AF.Securify.ShellLink": {
        "type": "Transitive",
        "resolved": "1.1.0",
        "contentHash": "R+0HK6BUMw1B7JC3nDACfmZ+vAjJ75dUF3hGHSJK3ugNyY3QP/HvyMigtXnFW5V1mSg7mKlkUJjQ12pzAIV6rw==",
        "dependencies": {
          "YF.Securify.PropertyStore": "1.1.0"
        }
      },
      "MessageFormat": {
        "type": "Transitive",
        "resolved": "8.0.0",
        "contentHash": "+nmYgGQVhGXmvQd+AMYILZGTxOP4J9tOR3KbjoxMDDICRrSzHYB9v1aRRVnXkD1ZeBapscFWIf5B/ck3p9R1mg=="
      },
      "Microsoft.AspNetCore.Authentication.Negotiate": {
        "type": "Transitive",
        "resolved": "10.0.10",
        "contentHash": "OWroK6dgXRKygJ95IlYVkZdH/HBcLSO6MyeSe8ZkFco+kUQlOndfHsWE1tjWjPFHnh5cPT6T7vE5kU7QOiqQxQ==",
        "dependencies": {
          "System.DirectoryServices.Protocols": "10.0.10"
        }
      },
      "Microsoft.AspNetCore.OpenApi": {
        "type": "Transitive",
        "resolved": "10.0.8",
        "contentHash": "cw24xHE2QaWwyEG9GQwFbjboyabub6Vd80DIItUGENzcQOa/BEnTrXsg2GADqWTmY/3ycqk9ToLGjgvF/VRlGA==",
        "dependencies": {
          "Microsoft.OpenApi": "2.0.0"
        }
      },
      "Microsoft.Data.Sqlite.Core": {
        "type": "Transitive",
        "resolved": "10.0.8",
        "contentHash": "26t7WDiEjjAls/sFpWvVEFDxt+7Q5VPt6+blU2Lafuj9L8PzAv/GtGV4cqVPtrhWbfD2BX/z2v8hD1qXYtK6Aw==",
        "dependencies": {
          "SQLitePCLRaw.core": "2.1.11"
        }
      },
      "Microsoft.OpenApi": {
        "type": "Transitive",
        "resolved": "2.0.0",
        "contentHash": "GGYLfzV/G/ct80OZ45JxnWP7NvMX1BCugn/lX7TH5o0lcVaviavsLMTxmFV2AybXWjbi3h6FF1vgZiTK6PXndw=="
      },
      "Microsoft.Web.WebView2": {
        "type": "Transitive",
        "resolved": "1.0.3719.77",
        "contentHash": "t+ucyKw5NTwMjsUrDF6R9Lk40lpcKQD1/HgyGFxl49tdA4h9dKlsj6FYGEmDRpFNfnTpENuTypMcdbrlkqBdDA=="
      },
      "Microsoft.Win32.SystemEvents": {
        "type": "Transitive",
        "resolved": "9.0.10",
        "contentHash": "P1CEtsxar/RhfoH3r1vc9ra28LLVYphpcFBxyRIEMM/jP3qh4j9TU4sWH2RUhMZX+GbFxZ+zz1oSP2n9MwjshA=="
      },
      "Microsoft.Windows.AI.MachineLearning": {
        "type": "Transitive",
        "resolved": "2.1.1",
        "contentHash": "A5BbYPLVrcaRJvpwx0nv7aMDOMqR20qaw9EaLcUe9pkSArzKoSk6cilRsSioU+eRa9+HahidBZTegawdswKqIQ==",
        "dependencies": {
          "System.Numerics.Tensors": "9.0.0"
        }
      },
      "Microsoft.Windows.SDK.BuildTools": {
        "type": "Transitive",
        "resolved": "10.0.26100.4654",
        "contentHash": "2mgcOlj/t2RfSyyw+pVESfO+Tk1RkfQzto9Vrq42M1lUQIfQEwbi8QLha9GXWIOj+TFzeHIEJckIoF25mgiM8A=="
      },
      "Microsoft.Windows.SDK.BuildTools.MSIX": {
        "type": "Transitive",
        "resolved": "1.7.251221100",
        "contentHash": "f4aIZJ0NUth2403oxrpR+9rxVzZVI6dabqB21u8ncnk8eJAKCs9m77E4iYAnvP1YwrRe4axz3f8+yUcttNSfEA=="
      },
      "Microsoft.WindowsAppSDK.AI": {
        "type": "Transitive",
        "resolved": "2.1.10",
        "contentHash": "4rOxfQbOZkdGK/wzajqyXZeCl9WW1qdtb63hTBFEA7pZ14iyF3iV64VNg6KOXuRRUL64/wyHHsiBwLlvFSFgcw==",
        "dependencies": {
          "Microsoft.WindowsAppSDK.Base": "2.0.4",
          "Microsoft.WindowsAppSDK.Foundation": "2.0.21"
        }
      },
      "Microsoft.WindowsAppSDK.Base": {
        "type": "Transitive",
        "resolved": "2.0.4",
        "contentHash": "QXSy2llX2/Bx9dYWGUEsb10F40q94ZiDnPMzqa2/qRmTG4y9EXxGp6uHITb7c0b4FCa+6KFBlgh6D53M0QEMEg==",
        "dependencies": {
          "Microsoft.Windows.SDK.BuildTools": "10.0.26100.4654",
          "Microsoft.Windows.SDK.BuildTools.MSIX": "1.7.251221100"
        }
      },
      "Microsoft.WindowsAppSDK.DWrite": {
        "type": "Transitive",
        "resolved": "2.1.0",
        "contentHash": "dgix7NSeo7Z8SZPyrsOqYm/6OUvBveHCiVyorYecmtDYoZW26dJ6/i9yveIxgWvmFpgfKXPeIuQBCvhbetHiYg==",
        "dependencies": {
          "Microsoft.WindowsAppSDK.Base": "2.0.3"
        }
      },
      "Microsoft.WindowsAppSDK.Foundation": {
        "type": "Transitive",
        "resolved": "2.0.21",
        "contentHash": "Wzr4c9dSXXcNQw67wVmy+32FXW6+TLyrQHD5eZXAjNydMsLRMZjUXzD1qQgBg1bdgzjlkYnOyYqoXbOL6lfqkw==",
        "dependencies": {
          "Microsoft.WindowsAppSDK.Base": "2.0.4",
          "Microsoft.WindowsAppSDK.InteractiveExperiences": "2.0.13"
        }
      },
      "Microsoft.WindowsAppSDK.InteractiveExperiences": {
        "type": "Transitive",
        "resolved": "2.0.13",
        "contentHash": "jxzb2F0thCzUhxX3EMthKyxMaWINGSAf1/uMfS3pyCODCzHoR39LUQE22DZDAmMJEM4pebCnIj2PYRQjSuy65Q==",
        "dependencies": {
          "Microsoft.WindowsAppSDK.Base": "2.0.3"
        }
      },
      "Microsoft.WindowsAppSDK.ML": {
        "type": "Transitive",
        "resolved": "2.1.1",
        "contentHash": "q+luYBGlPdzMwhOsZCUmWbIZMvmc0pn5+nBvrKyQzvd/mC2+YBEaqfN2/zkfkFKsmJUuPvnG73RouAP/1oKPaA==",
        "dependencies": {
          "Microsoft.Windows.AI.MachineLearning": "[2.1.1, 3.0.0)",
          "Microsoft.WindowsAppSDK.Base": "2.0.4",
          "Microsoft.WindowsAppSDK.Foundation": "2.0.21"
        }
      },
      "Microsoft.WindowsAppSDK.Runtime": {
        "type": "Transitive",
        "resolved": "2.1.3",
        "contentHash": "dbddzTTnePoiFEw2h9QeGxJ8jyFtx7OEMIt053vjd/FQU4hzdnK9/LGPF5cwCkCD8gLvrXqyfR8AhCjz5Ni9sQ==",
        "dependencies": {
          "Microsoft.WindowsAppSDK.Base": "2.0.4"
        }
      },
      "Microsoft.WindowsAppSDK.Widgets": {
        "type": "Transitive",
        "resolved": "2.0.5",
        "contentHash": "lRz+8+QU65gV8hRzLVE+GRsPKZ42lnzqkmsw96HzQd/DuFYfr4JYpUU7ZZ5YrkV2EfQe4BCmoRKAeZ3WwalMcg==",
        "dependencies": {
          "Microsoft.WindowsAppSDK.Base": "2.0.3"
        }
      },
      "Microsoft.WindowsAppSDK.WinUI": {
        "type": "Transitive",
        "resolved": "2.1.0",
        "contentHash": "HXFdlOESmUM7RPPWO5z4lpJX7zIPhDDPngfEP1itAUG/1SWFWKxYdEpt6nciMGITj92OpSK70R8/h06j5tfhIg==",
        "dependencies": {
          "Microsoft.Web.WebView2": "1.0.3719.77",
          "Microsoft.WindowsAppSDK.Base": "2.0.4",
          "Microsoft.WindowsAppSDK.Foundation": "2.0.21",
          "Microsoft.WindowsAppSDK.InteractiveExperiences": "2.0.13"
        }
      },
      "SQLitePCLRaw.bundle_winsqlite3": {
        "type": "Transitive",
        "resolved": "2.1.11",
        "contentHash": "kQ3Jo6XqPYYyjlgVh8KVGAFUfYsnyrrC8WvCYO33Coz0S2y1y1B8et8HCRmy7nt8rN+IA9XoaQz7QjI1PvXSAw==",
        "dependencies": {
          "SQLitePCLRaw.provider.winsqlite3": "2.1.11"
        }
      },
      "SQLitePCLRaw.core": {
        "type": "Transitive",
        "resolved": "2.1.11",
        "contentHash": "PK0GLFkfhZzLQeR3PJf71FmhtHox+U3vcY6ZtswoMjrefkB9k6ErNJEnwXqc5KgXDSjige2XXrezqS39gkpQKA=="
      },
      "SQLitePCLRaw.provider.winsqlite3": {
        "type": "Transitive",
        "resolved": "2.1.11",
        "contentHash": "UpH9v68yuLAN3nvXB96s6GE3/tQhG1WnXenNJL/HulgfJAQ5S6ZT6BUy/sDFo5WpqaS0npBbW1z6szWlu6a4Xg==",
        "dependencies": {
          "SQLitePCLRaw.core": "2.1.11"
        }
      },
      "System.DirectoryServices.Protocols": {
        "type": "Transitive",
        "resolved": "10.0.10",
        "contentHash": "VQdfESaky3eXlvEuvtBndmZjOt65g+Ah6/0j39MPgPJ3gkbGuURlTFDRq0Y2uX64z5qVEVe1Ln6B4a06+vIzTQ=="
      },
      "System.Drawing.Common": {
        "type": "Transitive",
        "resolved": "9.0.10",
        "contentHash": "FDakPhIcxHnhslLiz4ZQ+ALpHRpCU3zOep9Mcq+4hL23XwQrzmgJNYvf1tH4kJ/V36wO/ZhRr8nOfiz26P3wKg==",
        "dependencies": {
          "Microsoft.Win32.SystemEvents": "9.0.10"
        }
      },
      "System.Numerics.Tensors": {
        "type": "Transitive",
        "resolved": "9.0.0",
        "contentHash": "hyJB4UlpAi19Xr9AXzu2NuagKC4lPfHObNMEAA0HmqFz2rX7wKgzeYzO/jM/eBHDhnUGFFEjk5cOoJaxqg5J4A=="
      },
      "YF.Securify.PropertyStore": {
        "type": "Transitive",
        "resolved": "1.1.0",
        "contentHash": "5VX7FOrmA+D854NUvTOyAnwsvB4Y+Of8E/I7/9NJrtyl6ZtGv9vJODSznaRHRMJnn5gpucUs24/Xcd/8EVoaeA=="
      },
      "raweb": {
        "type": "Project",
        "dependencies": {
          "Microsoft.AspNetCore.Authentication.Negotiate": "[10.0.10, )",
          "Microsoft.AspNetCore.OpenApi": "[10.0.8, )",
          "RAWeb.Server.Management": "[1.0.0, )",
          "RAWeb.Server.Utilities": "[1.0.0, )"
        }
      },
      "raweb.server.management": {
        "type": "Project",
        "dependencies": {
          "AF.Securify.ShellLink": "[1.1.0, )",
          "System.DirectoryServices.Protocols": "[9.0.10, )",
          "System.Drawing.Common": "[9.0.10, )"
        }
      },
      "raweb.server.utilities": {
        "type": "Project",
        "dependencies": {
          "Microsoft.Data.Sqlite.Core": "[10.0.8, )",
          "RAWeb.Server.Management": "[1.0.0, )",
          "SQLitePCLRaw.bundle_winsqlite3": "[2.1.11, )",
          "System.DirectoryServices.Protocols": "[9.0.10, )",
          "System.Drawing.Common": "[9.0.10, )"
        }
      }
    },
    "net10.0-windows10.0.22621/win-x64": {
      "Microsoft.DotNet.ILCompiler": {
        "type": "Direct",
        "requested": "[10.0.10, )",
        "resolved": "10.0.10",
        "contentHash": "tnG8ntt/Bk6odvHREnGLMo3PEiihy5iSlIFVp0JbIo00GKtNRt2k73eKZbPqR5yaJNIa3z8R86YLwbxfqpb17g==",
        "dependencies": {
          "runtime.win-x64.Microsoft.DotNet.ILCompiler": "10.0.10"
        }
      },
      "Microsoft.Web.WebView2": {
        "type": "Transitive",
        "resolved": "1.0.3719.77",
        "contentHash": "t+ucyKw5NTwMjsUrDF6R9Lk40lpcKQD1/HgyGFxl49tdA4h9dKlsj6FYGEmDRpFNfnTpENuTypMcdbrlkqBdDA=="
      },
      "Microsoft.Win32.SystemEvents": {
        "type": "Transitive",
        "resolved": "9.0.10",
        "contentHash": "P1CEtsxar/RhfoH3r1vc9ra28LLVYphpcFBxyRIEMM/jP3qh4j9TU4sWH2RUhMZX+GbFxZ+zz1oSP2n9MwjshA=="
      },
      "Microsoft.Windows.AI.MachineLearning": {
        "type": "Transitive",
        "resolved": "2.1.1",
        "contentHash": "A5BbYPLVrcaRJvpwx0nv7aMDOMqR20qaw9EaLcUe9pkSArzKoSk6cilRsSioU+eRa9+HahidBZTegawdswKqIQ==",
        "dependencies": {
          "System.Numerics.Tensors": "9.0.0"
        }
      },
      "Microsoft.WindowsAppSDK.Foundation": {
        "type": "Transitive",
        "resolved": "2.0.21",
        "contentHash": "Wzr4c9dSXXcNQw67wVmy+32FXW6+TLyrQHD5eZXAjNydMsLRMZjUXzD1qQgBg1bdgzjlkYnOyYqoXbOL6lfqkw==",
        "dependencies": {
          "Microsoft.WindowsAppSDK.Base": "2.0.4",
          "Microsoft.WindowsAppSDK.InteractiveExperiences": "2.0.13"
        }
      },
      "runtime.win-x64.Microsoft.DotNet.ILCompiler": {
        "type": "Transitive",
        "resolved": "10.0.10",
        "contentHash": "e5P00ObvdmAl49KkvGvqDLE5+EXu/IdXCDsLghgKFXKrNybyxMmH12HuGrsO7LTIGjXI58tyN3Hwxwr/MR0d8A=="
      },
      "System.DirectoryServices.Protocols": {
        "type": "Transitive",
        "resolved": "10.0.10",
        "contentHash": "VQdfESaky3eXlvEuvtBndmZjOt65g+Ah6/0j39MPgPJ3gkbGuURlTFDRq0Y2uX64z5qVEVe1Ln6B4a06+vIzTQ=="
      }
    }
  }
}